{
  "name": "hello_world",
  "version": "1.0.0",
  "lockfileVersion": 1,
  "requires": true,
  "dependencies": {
    "@types/aws-lambda": {
      "version": "8.10.80",
      "resolved": "https://registry.npmjs.org/@types/aws-lambda/-/aws-lambda-8.10.80.tgz",
      "integrity": "sha512-Vnz/FxDSjxNPAyBf+1qMDNnFhuHp/aKwp0EDdfSLj0W9UIQBXt16Rd4uZCpGnP2Dlmg5VyUCR2031ykPGQyNNQ==",
      "dev": true
    },
    "typescript": {
      "version": "4.3.5",
      "resolved": "https://registry.npmjs.org/typescript/-/typescript-4.3.5.tgz",
      "integrity": "sha512-DqQgihaQ9cUrskJo9kIyW/+g0Vxsk8cDtZ52a3NGh0YNTfpUSArXSohyUGnvbPazEPLu398C0UxmKSOrPumUzA==",
      "dev": true
    }
  }
}
